
Microsoft Visual Studio Solution File, Format Version 12.00
# Visual Studio Version 17
VisualStudioVersion = 17.11.35312.102
MinimumVisualStudioVersion = 10.0.40219.1
Project("{9A19103F-16F7-4668-BE54-9A1E7A4F7556}") = "SalesDatePrediction", "SalesDatePrediction\SalesDatePrediction.csproj", "{B6BAECC6-7ECF-49FC-AB7B-C5FB299446E4}"
EndProject
Project("{FAE04EC0-301F-11D3-BF4B-00C04F79EFBC}") = "SalesDatePrediction.Tests", "SalesDatePrediction.Tests\SalesDatePrediction.Tests.csproj", "{CACC8112-27DA-405B-B403-7FF73A413F67}"
EndProject
Global
	GlobalSection(SolutionConfigurationPlatforms) = preSolution
		Debug|Any CPU = Debug|Any CPU
		Release|Any CPU = Release|Any CPU
	EndGlobalSection
	GlobalSection(ProjectConfigurationPlatforms) = postSolution
		{B6BAECC6-7ECF-49FC-AB7B-C5FB299446E4}.Debug|Any CPU.ActiveCfg = Debug|Any CPU
		{B6BAECC6-7ECF-49FC-AB7B-C5FB299446E4}.Debug|Any CPU.Build.0 = Debug|Any CPU
		{B6BAECC6-7ECF-49FC-AB7B-C5FB299446E4}.Release|Any CPU.ActiveCfg = Release|Any CPU
		{B6BAECC6-7ECF-49FC-AB7B-C5FB299446E4}.Release|Any CPU.Build.0 = Release|Any CPU
		{CACC8112-27DA-405B-B403-7FF73A413F67}.Debug|Any CPU.ActiveCfg = Debug|Any CPU
		{CACC8112-27DA-405B-B403-7FF73A413F67}.Debug|Any CPU.Build.0 = Debug|Any CPU
		{CACC8112-27DA-405B-B403-7FF73A413F67}.Release|Any CPU.ActiveCfg = Release|Any CPU
		{CACC8112-27DA-405B-B403-7FF73A413F67}.Release|Any CPU.Build.0 = Release|Any CPU
	EndGlobalSection
	GlobalSection(SolutionProperties) = preSolution
		HideSolutionNode = FALSE
	EndGlobalSection
	GlobalSection(ExtensibilityGlobals) = postSolution
		SolutionGuid = {B2759D3F-9F9C-49EB-B9B3-AB97C35AAF99}
	EndGlobalSection
EndGlobal
